
Microsoft Visual Studio Solution File, Format Version 12.00
# Visual Studio 15
VisualStudioVersion = 15.0.28307.572
MinimumVisualStudioVersion = 10.0.40219.1
Project("{FAE04EC0-301F-11D3-BF4B-00C04F79EFBC}") = "Lime", "Lime\Lime.csproj", "{7287648A-DDE3-4D12-89BF-6B9B361F689F}"
EndProject
Global
	GlobalSection(SolutionConfigurationPlatforms) = preSolution
		Debug|Any CPU = Debug|Any CPU
		Release|Any CPU = Release|Any CPU
	EndGlobalSection
	GlobalSection(ProjectConfigurationPlatforms) = postSolution
		{7287648A-DDE3-4D12-89BF-6B9B361F689F}.Debug|Any CPU.ActiveCfg = Debug|Any CPU
		{7287648A-DDE3-4D12-89BF-6B9B361F689F}.Debug|Any CPU.Build.0 = Debug|Any CPU
		{7287648A-DDE3-4D12-89BF-6B9B361F689F}.Release|Any CPU.ActiveCfg = Release|Any CPU
		{7287648A-DDE3-4D12-89BF-6B9B361F689F}.Release|Any CPU.Build.0 = Release|Any CPU
	EndGlobalSection
	GlobalSection(SolutionProperties) = preSolution
		HideSolutionNode = FALSE
	EndGlobalSection
	GlobalSection(ExtensibilityGlobals) = postSolution
		SolutionGuid = {29695C68-FDCF-47BC-8F0D-590F053E569A}
	EndGlobalSection
EndGlobal
